
Microsoft Visual Studio Solution File, Format Version 12.00
# Visual Studio Version 16
VisualStudioVersion = 16.0.31005.135
MinimumVisualStudioVersion = 10.0.40219.1
Project("{9A19103F-16F7-4668-BE54-9A1E7A4F7556}") = "unitTestXunitBasics", "unitTestXunitBasics\unitTestXunitBasics.csproj", "{60D21934-7FA9-4611-BC5F-2B34236665A8}"
EndProject
Project("{FAE04EC0-301F-11D3-BF4B-00C04F79EFBC}") = "unitTestXunitBasics_Tests", "unitTestXunitBasics_Tests\unitTestXunitBasics_Tests.csproj", "{1EBFA04B-BC75-4BEA-B549-CFC4AD2B5A59}"
EndProject
Global
	GlobalSection(SolutionConfigurationPlatforms) = preSolution
		Debug|Any CPU = Debug|Any CPU
		Release|Any CPU = Release|Any CPU
	EndGlobalSection
	GlobalSection(ProjectConfigurationPlatforms) = postSolution
		{60D21934-7FA9-4611-BC5F-2B34236665A8}.Debug|Any CPU.ActiveCfg = Debug|Any CPU
		{60D21934-7FA9-4611-BC5F-2B34236665A8}.Debug|Any CPU.Build.0 = Debug|Any CPU
		{60D21934-7FA9-4611-BC5F-2B34236665A8}.Release|Any CPU.ActiveCfg = Release|Any CPU
		{60D21934-7FA9-4611-BC5F-2B34236665A8}.Release|Any CPU.Build.0 = Release|Any CPU
		{1EBFA04B-BC75-4BEA-B549-CFC4AD2B5A59}.Debug|Any CPU.ActiveCfg = Debug|Any CPU
		{1EBFA04B-BC75-4BEA-B549-CFC4AD2B5A59}.Debug|Any CPU.Build.0 = Debug|Any CPU
		{1EBFA04B-BC75-4BEA-B549-CFC4AD2B5A59}.Release|Any CPU.ActiveCfg = Release|Any CPU
		{1EBFA04B-BC75-4BEA-B549-CFC4AD2B5A59}.Release|Any CPU.Build.0 = Release|Any CPU
	EndGlobalSection
	GlobalSection(SolutionProperties) = preSolution
		HideSolutionNode = FALSE
	EndGlobalSection
	GlobalSection(ExtensibilityGlobals) = postSolution
		SolutionGuid = {C79C8C50-1D34-4990-AB62-D98D260E1E31}
	EndGlobalSection
EndGlobal
